
Microsoft Visual Studio Solution File, Format Version 12.00
# Visual Studio Version 17
VisualStudioVersion = 17.11.35208.52
MinimumVisualStudioVersion = 10.0.40219.1
Project("{8BC9CEB8-8B4A-11D0-8D11-00A0C91BC942}") = "Bank Extension", "Bank Extension\Bank Extension.vcxproj", "{30768BC7-130B-4461-A639-AC82C676D38B}"
EndProject
Global
	GlobalSection(SolutionConfigurationPlatforms) = preSolution
		Debug|x64 = Debug|x64
		Debug|x86 = Debug|x86
		Release|x64 = Release|x64
		Release|x86 = Release|x86
	EndGlobalSection
	GlobalSection(ProjectConfigurationPlatforms) = postSolution
		{30768BC7-130B-4461-A639-AC82C676D38B}.Debug|x64.ActiveCfg = Debug|x64
		{30768BC7-130B-4461-A639-AC82C676D38B}.Debug|x64.Build.0 = Debug|x64
		{30768BC7-130B-4461-A639-AC82C676D38B}.Debug|x86.ActiveCfg = Debug|Win32
		{30768BC7-130B-4461-A639-AC82C676D38B}.Debug|x86.Build.0 = Debug|Win32
		{30768BC7-130B-4461-A639-AC82C676D38B}.Release|x64.ActiveCfg = Release|x64
		{30768BC7-130B-4461-A639-AC82C676D38B}.Release|x64.Build.0 = Release|x64
		{30768BC7-130B-4461-A639-AC82C676D38B}.Release|x86.ActiveCfg = Release|Win32
		{30768BC7-130B-4461-A639-AC82C676D38B}.Release|x86.Build.0 = Release|Win32
	EndGlobalSection
	GlobalSection(SolutionProperties) = preSolution
		HideSolutionNode = FALSE
	EndGlobalSection
	GlobalSection(ExtensibilityGlobals) = postSolution
		SolutionGuid = {B2902EE3-BD19-40A4-A90F-D53CA614C58C}
	EndGlobalSection
EndGlobal
